// !$*UTF8*$!
{
	archiveVersion = 1;
	classes = {
	};
	objectVersion = 50;
	objects = {

/* Begin PBXBuildFile section */
		4C055938232F9CB7002964E6 /* AppDelegate.swift in Sources */ = {isa = PBXBuildFile; fileRef = 4C055937232F9CB7002964E6 /* AppDelegate.swift */; };
		4C05593A232F9CB7002964E6 /* SceneDelegate.swift in Sources */ = {isa = PBXBuildFile; fileRef = 4C055939232F9CB7002964E6 /* SceneDelegate.swift */; };
		4C05593C232F9CB7002964E6 /* LoginView.swift in Sources */ = {isa = PBXBuildFile; fileRef = 4C05593B232F9CB7002964E6 /* LoginView.swift */; };
		4C05593E232F9CB9002964E6 /* Assets.xcassets in Resources */ = {isa = PBXBuildFile; fileRef = 4C05593D232F9CB9002964E6 /* Assets.xcassets */; };
		4C055941232F9CB9002964E6 /* Preview Assets.xcassets in Resources */ = {isa = PBXBuildFile; fileRef = 4C055940232F9CB9002964E6 /* Preview Assets.xcassets */; };
		4C055944232F9CB9002964E6 /* LaunchScreen.storyboard in Resources */ = {isa = PBXBuildFile; fileRef = 4C055942232F9CB9002964E6 /* LaunchScreen.storyboard */; };
		4C05594F232F9CB9002964E6 /* refMeTests.swift in Sources */ = {isa = PBXBuildFile; fileRef = 4C05594E232F9CB9002964E6 /* refMeTests.swift */; };
		4C05595B232FAF57002964E6 /* IconTextField.swift in Sources */ = {isa = PBXBuildFile; fileRef = 4C05595A232FAF57002964E6 /* IconTextField.swift */; };
		4C05595F23310F3A002964E6 /* ViewStyles.swift in Sources */ = {isa = PBXBuildFile; fileRef = 4C05595E23310F3A002964E6 /* ViewStyles.swift */; };
		4C05596123311AA4002964E6 /* ViewModifiers.swift in Sources */ = {isa = PBXBuildFile; fileRef = 4C05596023311AA4002964E6 /* ViewModifiers.swift */; };
		4C05596623322D76002964E6 /* ProfileView.swift in Sources */ = {isa = PBXBuildFile; fileRef = 4C05596523322D76002964E6 /* ProfileView.swift */; };
		4C0E79C72332574C00A79570 /* BaseView.swift in Sources */ = {isa = PBXBuildFile; fileRef = 4C0E79C62332574C00A79570 /* BaseView.swift */; };
		4C0E79CB233260AB00A79570 /* SignUpViewModel.swift in Sources */ = {isa = PBXBuildFile; fileRef = 4C0E79CA233260AB00A79570 /* SignUpViewModel.swift */; };
		4C0E79CD2332612500A79570 /* LoginViewModel.swift in Sources */ = {isa = PBXBuildFile; fileRef = 4C0E79CC2332612500A79570 /* LoginViewModel.swift */; };
		4C0E79CF2332614700A79570 /* ProfileViewModel.swift in Sources */ = {isa = PBXBuildFile; fileRef = 4C0E79CE2332614700A79570 /* ProfileViewModel.swift */; };
		4C0E79D5233363C800A79570 /* APIError.swift in Sources */ = {isa = PBXBuildFile; fileRef = 4C0E79D4233363C800A79570 /* APIError.swift */; };
		4C0E79D72333677C00A79570 /* APIService.swift in Sources */ = {isa = PBXBuildFile; fileRef = 4C0E79D62333677C00A79570 /* APIService.swift */; };
		4C0E79DB2333761700A79570 /* SignUpServiceRequest.swift in Sources */ = {isa = PBXBuildFile; fileRef = 4C0E79DA2333761700A79570 /* SignUpServiceRequest.swift */; };
		4C0E79DD233376B000A79570 /* User.swift in Sources */ = {isa = PBXBuildFile; fileRef = 4C0E79DC233376B000A79570 /* User.swift */; };
		4C0E79DF23338F1E00A79570 /* APIHttpMethod.swift in Sources */ = {isa = PBXBuildFile; fileRef = 4C0E79DE23338F1E00A79570 /* APIHttpMethod.swift */; };
		4C0E79E12333A2BA00A79570 /* UnidirectionalDataFlowType.swift in Sources */ = {isa = PBXBuildFile; fileRef = 4C0E79E02333A2BA00A79570 /* UnidirectionalDataFlowType.swift */; };
		4C59F5C0233249B3004E6882 /* SignUpView.swift in Sources */ = {isa = PBXBuildFile; fileRef = 4C59F5BF233249B3004E6882 /* SignUpView.swift */; };
/* End PBXBuildFile section */

/* Begin PBXContainerItemProxy section */
		4C05594B232F9CB9002964E6 /* PBXContainerItemProxy */ = {
			isa = PBXContainerItemProxy;
			containerPortal = 4C05592C232F9CB7002964E6 /* Project object */;
			proxyType = 1;
			remoteGlobalIDString = 4C055933232F9CB7002964E6;
			remoteInfo = refMe;
		};
/* End PBXContainerItemProxy section */

/* Begin PBXFileReference section */
		4C055934232F9CB7002964E6 /* refMe.app */ = {isa = PBXFileReference; explicitFileType = wrapper.application; includeInIndex = 0; path = refMe.app; sourceTree = BUILT_PRODUCTS_DIR; };
		4C055937232F9CB7002964E6 /* AppDelegate.swift */ = {isa = PBXFileReference; lastKnownFileType = sourcecode.swift; path = AppDelegate.swift; sourceTree = "<group>"; };
		4C055939232F9CB7002964E6 /* SceneDelegate.swift */ = {isa = PBXFileReference; lastKnownFileType = sourcecode.swift; path = SceneDelegate.swift; sourceTree = "<group>"; };
		4C05593B232F9CB7002964E6 /* LoginView.swift */ = {isa = PBXFileReference; lastKnownFileType = sourcecode.swift; path = LoginView.swift; sourceTree = "<group>"; };
		4C05593D232F9CB9002964E6 /* Assets.xcassets */ = {isa = PBXFileReference; lastKnownFileType = folder.assetcatalog; path = Assets.xcassets; sourceTree = "<group>"; };
		4C055940232F9CB9002964E6 /* Preview Assets.xcassets */ = {isa = PBXFileReference; lastKnownFileType = folder.assetcatalog; path = "Preview Assets.xcassets"; sourceTree = "<group>"; };
		4C055943232F9CB9002964E6 /* Base */ = {isa = PBXFileReference; lastKnownFileType = file.storyboard; name = Base; path = Base.lproj/LaunchScreen.storyboard; sourceTree = "<group>"; };
		4C055945232F9CB9002964E6 /* Info.plist */ = {isa = PBXFileReference; lastKnownFileType = text.plist.xml; path = Info.plist; sourceTree = "<group>"; };
		4C05594A232F9CB9002964E6 /* refMeTests.xctest */ = {isa = PBXFileReference; explicitFileType = wrapper.cfbundle; includeInIndex = 0; path = refMeTests.xctest; sourceTree = BUILT_PRODUCTS_DIR; };
		4C05594E232F9CB9002964E6 /* refMeTests.swift */ = {isa = PBXFileReference; lastKnownFileType = sourcecode.swift; path = refMeTests.swift; sourceTree = "<group>"; };
		4C055950232F9CB9002964E6 /* Info.plist */ = {isa = PBXFileReference; lastKnownFileType = text.plist.xml; path = Info.plist; sourceTree = "<group>"; };
		4C05595A232FAF57002964E6 /* IconTextField.swift */ = {isa = PBXFileReference; lastKnownFileType = sourcecode.swift; path = IconTextField.swift; sourceTree = "<group>"; };
		4C05595E23310F3A002964E6 /* ViewStyles.swift */ = {isa = PBXFileReference; lastKnownFileType = sourcecode.swift; path = ViewStyles.swift; sourceTree = "<group>"; };
		4C05596023311AA4002964E6 /* ViewModifiers.swift */ = {isa = PBXFileReference; lastKnownFileType = sourcecode.swift; path = ViewModifiers.swift; sourceTree = "<group>"; };
		4C05596523322D76002964E6 /* ProfileView.swift */ = {isa = PBXFileReference; lastKnownFileType = sourcecode.swift; path = ProfileView.swift; sourceTree = "<group>"; };
		4C0E79C62332574C00A79570 /* BaseView.swift */ = {isa = PBXFileReference; lastKnownFileType = sourcecode.swift; path = BaseView.swift; sourceTree = "<group>"; };
		4C0E79CA233260AB00A79570 /* SignUpViewModel.swift */ = {isa = PBXFileReference; lastKnownFileType = sourcecode.swift; path = SignUpViewModel.swift; sourceTree = "<group>"; };
		4C0E79CC2332612500A79570 /* LoginViewModel.swift */ = {isa = PBXFileReference; lastKnownFileType = sourcecode.swift; path = LoginViewModel.swift; sourceTree = "<group>"; };
		4C0E79CE2332614700A79570 /* ProfileViewModel.swift */ = {isa = PBXFileReference; lastKnownFileType = sourcecode.swift; path = ProfileViewModel.swift; sourceTree = "<group>"; };
		4C0E79D4233363C800A79570 /* APIError.swift */ = {isa = PBXFileReference; lastKnownFileType = sourcecode.swift; path = APIError.swift; sourceTree = "<group>"; };
		4C0E79D62333677C00A79570 /* APIService.swift */ = {isa = PBXFileReference; lastKnownFileType = sourcecode.swift; path = APIService.swift; sourceTree = "<group>"; };
		4C0E79DA2333761700A79570 /* SignUpServiceRequest.swift */ = {isa = PBXFileReference; lastKnownFileType = sourcecode.swift; path = SignUpServiceRequest.swift; sourceTree = "<group>"; };
		4C0E79DC233376B000A79570 /* User.swift */ = {isa = PBXFileReference; lastKnownFileType = sourcecode.swift; path = User.swift; sourceTree = "<group>"; };
		4C0E79DE23338F1E00A79570 /* APIHttpMethod.swift */ = {isa = PBXFileReference; lastKnownFileType = sourcecode.swift; path = APIHttpMethod.swift; sourceTree = "<group>"; };
		4C0E79E02333A2BA00A79570 /* UnidirectionalDataFlowType.swift */ = {isa = PBXFileReference; lastKnownFileType = sourcecode.swift; path = UnidirectionalDataFlowType.swift; sourceTree = "<group>"; };
		4C59F5BF233249B3004E6882 /* SignUpView.swift */ = {isa = PBXFileReference; lastKnownFileType = sourcecode.swift; path = SignUpView.swift; sourceTree = "<group>"; };
/* End PBXFileReference section */

/* Begin PBXFrameworksBuildPhase section */
		4C055931232F9CB7002964E6 /* Frameworks */ = {
			isa = PBXFrameworksBuildPhase;
			buildActionMask = 2147483647;
			files = (
			);
			runOnlyForDeploymentPostprocessing = 0;
		};
		4C055947232F9CB9002964E6 /* Frameworks */ = {
			isa = PBXFrameworksBuildPhase;
			buildActionMask = 2147483647;
			files = (
			);
			runOnlyForDeploymentPostprocessing = 0;
		};
/* End PBXFrameworksBuildPhase section */

/* Begin PBXGroup section */
		4C05592B232F9CB7002964E6 = {
			isa = PBXGroup;
			children = (
				4C055936232F9CB7002964E6 /* refMe */,
				4C05594D232F9CB9002964E6 /* refMeTests */,
				4C055935232F9CB7002964E6 /* Products */,
			);
			sourceTree = "<group>";
		};
		4C055935232F9CB7002964E6 /* Products */ = {
			isa = PBXGroup;
			children = (
				4C055934232F9CB7002964E6 /* refMe.app */,
				4C05594A232F9CB9002964E6 /* refMeTests.xctest */,
			);
			name = Products;
			sourceTree = "<group>";
		};
		4C055936232F9CB7002964E6 /* refMe */ = {
			isa = PBXGroup;
			children = (
				4C0E79C823325FEA00A79570 /* Utilities */,
				4C05596423322CFC002964E6 /* Views */,
				4C0E79C92332608B00A79570 /* ViewModels */,
				4C0E79D3233363AD00A79570 /* Services */,
				4C0E79D22332619B00A79570 /* Entities */,
				4C055937232F9CB7002964E6 /* AppDelegate.swift */,
				4C055939232F9CB7002964E6 /* SceneDelegate.swift */,
				4C05593D232F9CB9002964E6 /* Assets.xcassets */,
				4C055942232F9CB9002964E6 /* LaunchScreen.storyboard */,
				4C055945232F9CB9002964E6 /* Info.plist */,
				4C05593F232F9CB9002964E6 /* Preview Content */,
			);
			path = refMe;
			sourceTree = "<group>";
		};
		4C05593F232F9CB9002964E6 /* Preview Content */ = {
			isa = PBXGroup;
			children = (
				4C055940232F9CB9002964E6 /* Preview Assets.xcassets */,
			);
			path = "Preview Content";
			sourceTree = "<group>";
		};
		4C05594D232F9CB9002964E6 /* refMeTests */ = {
			isa = PBXGroup;
			children = (
				4C05594E232F9CB9002964E6 /* refMeTests.swift */,
				4C055950232F9CB9002964E6 /* Info.plist */,
			);
			path = refMeTests;
			sourceTree = "<group>";
		};
		4C055959232FAF3E002964E6 /* UI */ = {
			isa = PBXGroup;
			children = (
				4C05595A232FAF57002964E6 /* IconTextField.swift */,
				4C05595E23310F3A002964E6 /* ViewStyles.swift */,
				4C05596023311AA4002964E6 /* ViewModifiers.swift */,
			);
			path = UI;
			sourceTree = "<group>";
		};
		4C05596423322CFC002964E6 /* Views */ = {
			isa = PBXGroup;
			children = (
				4C05593B232F9CB7002964E6 /* LoginView.swift */,
				4C05596523322D76002964E6 /* ProfileView.swift */,
				4C59F5BF233249B3004E6882 /* SignUpView.swift */,
				4C0E79C62332574C00A79570 /* BaseView.swift */,
			);
			path = Views;
			sourceTree = "<group>";
		};
		4C0E79C823325FEA00A79570 /* Utilities */ = {
			isa = PBXGroup;
			children = (
				4C055959232FAF3E002964E6 /* UI */,
			);
			path = Utilities;
			sourceTree = "<group>";
		};
		4C0E79C92332608B00A79570 /* ViewModels */ = {
			isa = PBXGroup;
			children = (
				4C0E79CA233260AB00A79570 /* SignUpViewModel.swift */,
				4C0E79CC2332612500A79570 /* LoginViewModel.swift */,
				4C0E79CE2332614700A79570 /* ProfileViewModel.swift */,
				4C0E79E02333A2BA00A79570 /* UnidirectionalDataFlowType.swift */,
			);
			path = ViewModels;
			sourceTree = "<group>";
		};
		4C0E79D22332619B00A79570 /* Entities */ = {
			isa = PBXGroup;
			children = (
				4C0E79DC233376B000A79570 /* User.swift */,
			);
			path = Entities;
			sourceTree = "<group>";
		};
		4C0E79D3233363AD00A79570 /* Services */ = {
			isa = PBXGroup;
			children = (
				4C0E79D4233363C800A79570 /* APIError.swift */,
				4C0E79DE23338F1E00A79570 /* APIHttpMethod.swift */,
				4C0E79D62333677C00A79570 /* APIService.swift */,
				4C0E79DA2333761700A79570 /* SignUpServiceRequest.swift */,
			);
			path = Services;
			sourceTree = "<group>";
		};
/* End PBXGroup section */

/* Begin PBXNativeTarget section */
		4C055933232F9CB7002964E6 /* refMe */ = {
			isa = PBXNativeTarget;
			buildConfigurationList = 4C055953232F9CB9002964E6 /* Build configuration list for PBXNativeTarget "refMe" */;
			buildPhases = (
				4C055930232F9CB7002964E6 /* Sources */,
				4C055931232F9CB7002964E6 /* Frameworks */,
				4C055932232F9CB7002964E6 /* Resources */,
			);
			buildRules = (
			);
			dependencies = (
			);
			name = refMe;
			productName = refMe;
			productReference = 4C055934232F9CB7002964E6 /* refMe.app */;
			productType = "com.apple.product-type.application";
		};
		4C055949232F9CB9002964E6 /* refMeTests */ = {
			isa = PBXNativeTarget;
			buildConfigurationList = 4C055956232F9CB9002964E6 /* Build configuration list for PBXNativeTarget "refMeTests" */;
			buildPhases = (
				4C055946232F9CB9002964E6 /* Sources */,
				4C055947232F9CB9002964E6 /* Frameworks */,
				4C055948232F9CB9002964E6 /* Resources */,
			);
			buildRules = (
			);
			dependencies = (
				4C05594C232F9CB9002964E6 /* PBXTargetDependency */,
			);
			name = refMeTests;
			productName = refMeTests;
			productReference = 4C05594A232F9CB9002964E6 /* refMeTests.xctest */;
			productType = "com.apple.product-type.bundle.unit-test";
		};
/* End PBXNativeTarget section */

/* Begin PBXProject section */
		4C05592C232F9CB7002964E6 /* Project object */ = {
			isa = PBXProject;
			attributes = {
				LastSwiftUpdateCheck = 1100;
				LastUpgradeCheck = 1100;
				ORGANIZATIONNAME = "Coder's Life";
				TargetAttributes = {
					4C055933232F9CB7002964E6 = {
						CreatedOnToolsVersion = 11.0;
					};
					4C055949232F9CB9002964E6 = {
						CreatedOnToolsVersion = 11.0;
						TestTargetID = 4C055933232F9CB7002964E6;
					};
				};
			};
			buildConfigurationList = 4C05592F232F9CB7002964E6 /* Build configuration list for PBXProject "refMe" */;
			compatibilityVersion = "Xcode 9.3";
			developmentRegion = en;
			hasScannedForEncodings = 0;
			knownRegions = (
				en,
				Base,
			);
			mainGroup = 4C05592B232F9CB7002964E6;
			productRefGroup = 4C055935232F9CB7002964E6 /* Products */;
			projectDirPath = "";
			projectRoot = "";
			targets = (
				4C055933232F9CB7002964E6 /* refMe */,
				4C055949232F9CB9002964E6 /* refMeTests */,
			);
		};
/* End PBXProject section */

/* Begin PBXResourcesBuildPhase section */
		4C055932232F9CB7002964E6 /* Resources */ = {
			isa = PBXResourcesBuildPhase;
			buildActionMask = 2147483647;
			files = (
				4C055944232F9CB9002964E6 /* LaunchScreen.storyboard in Resources */,
				4C055941232F9CB9002964E6 /* Preview Assets.xcassets in Resources */,
				4C05593E232F9CB9002964E6 /* Assets.xcassets in Resources */,
			);
			runOnlyForDeploymentPostprocessing = 0;
		};
		4C055948232F9CB9002964E6 /* Resources */ = {
			isa = PBXResourcesBuildPhase;
			buildActionMask = 2147483647;
			files = (
			);
			runOnlyForDeploymentPostprocessing = 0;
		};
/* End PBXResourcesBuildPhase section */

/* Begin PBXSourcesBuildPhase section */
		4C055930232F9CB7002964E6 /* Sources */ = {
			isa = PBXSourcesBuildPhase;
			buildActionMask = 2147483647;
			files = (
				4C0E79E12333A2BA00A79570 /* UnidirectionalDataFlowType.swift in Sources */,
				4C05595F23310F3A002964E6 /* ViewStyles.swift in Sources */,
				4C05595B232FAF57002964E6 /* IconTextField.swift in Sources */,
				4C0E79CD2332612500A79570 /* LoginViewModel.swift in Sources */,
				4C0E79CB233260AB00A79570 /* SignUpViewModel.swift in Sources */,
				4C055938232F9CB7002964E6 /* AppDelegate.swift in Sources */,
				4C0E79DB2333761700A79570 /* SignUpServiceRequest.swift in Sources */,
				4C05596123311AA4002964E6 /* ViewModifiers.swift in Sources */,
				4C0E79DD233376B000A79570 /* User.swift in Sources */,
				4C0E79CF2332614700A79570 /* ProfileViewModel.swift in Sources */,
				4C59F5C0233249B3004E6882 /* SignUpView.swift in Sources */,
				4C05593A232F9CB7002964E6 /* SceneDelegate.swift in Sources */,
				4C0E79C72332574C00A79570 /* BaseView.swift in Sources */,
				4C0E79D5233363C800A79570 /* APIError.swift in Sources */,
				4C05596623322D76002964E6 /* ProfileView.swift in Sources */,
				4C0E79D72333677C00A79570 /* APIService.swift in Sources */,
				4C05593C232F9CB7002964E6 /* LoginView.swift in Sources */,
				4C0E79DF23338F1E00A79570 /* APIHttpMethod.swift in Sources */,
			);
			runOnlyForDeploymentPostprocessing = 0;
		};
		4C055946232F9CB9002964E6 /* Sources */ = {
			isa = PBXSourcesBuildPhase;
			buildActionMask = 2147483647;
			files = (
				4C05594F232F9CB9002964E6 /* refMeTests.swift in Sources */,
			);
			runOnlyForDeploymentPostprocessing = 0;
		};
/* End PBXSourcesBuildPhase section */

/* Begin PBXTargetDependency section */
		4C05594C232F9CB9002964E6 /* PBXTargetDependency */ = {
			isa = PBXTargetDependency;
			target = 4C055933232F9CB7002964E6 /* refMe */;
			targetProxy = 4C05594B232F9CB9002964E6 /* PBXContainerItemProxy */;
		};
/* End PBXTargetDependency section */

/* Begin PBXVariantGroup section */
		4C055942232F9CB9002964E6 /* LaunchScreen.storyboard */ = {
			isa = PBXVariantGroup;
			children = (
				4C055943232F9CB9002964E6 /* Base */,
			);
			name = LaunchScreen.storyboard;
			sourceTree = "<group>";
		};
/* End PBXVariantGroup section */

/* Begin XCBuildConfiguration section */
		4C055951232F9CB9002964E6 /* Debug */ = {
			isa = XCBuildConfiguration;
			buildSettings = {
				ALWAYS_SEARCH_USER_PATHS = NO;
				CLANG_ANALYZER_NONNULL = YES;
				CLANG_ANALYZER_NUMBER_OBJECT_CONVERSION = YES_AGGRESSIVE;
				CLANG_CXX_LANGUAGE_STANDARD = "gnu++14";
				CLANG_CXX_LIBRARY = "libc++";
				CLANG_ENABLE_MODULES = YES;
				CLANG_ENABLE_OBJC_ARC = YES;
				CLANG_ENABLE_OBJC_WEAK = YES;
				CLANG_WARN_BLOCK_CAPTURE_AUTORELEASING = YES;
				CLANG_WARN_BOOL_CONVERSION = YES;
				CLANG_WARN_COMMA = YES;
				CLANG_WARN_CONSTANT_CONVERSION = YES;
				CLANG_WARN_DEPRECATED_OBJC_IMPLEMENTATIONS = YES;
				CLANG_WARN_DIRECT_OBJC_ISA_USAGE = YES_ERROR;
				CLANG_WARN_DOCUMENTATION_COMMENTS = YES;
				CLANG_WARN_EMPTY_BODY = YES;
				CLANG_WARN_ENUM_CONVERSION = YES;
				CLANG_WARN_INFINITE_RECURSION = YES;
				CLANG_WARN_INT_CONVERSION = YES;
				CLANG_WARN_NON_LITERAL_NULL_CONVERSION = YES;
				CLANG_WARN_OBJC_IMPLICIT_RETAIN_SELF = YES;
				CLANG_WARN_OBJC_LITERAL_CONVERSION = YES;
				CLANG_WARN_OBJC_ROOT_CLASS = YES_ERROR;
				CLANG_WARN_RANGE_LOOP_ANALYSIS = YES;
				CLANG_WARN_STRICT_PROTOTYPES = YES;
				CLANG_WARN_SUSPICIOUS_MOVE = YES;
				CLANG_WARN_UNGUARDED_AVAILABILITY = YES_AGGRESSIVE;
				CLANG_WARN_UNREACHABLE_CODE = YES;
				CLANG_WARN__DUPLICATE_METHOD_MATCH = YES;
				COPY_PHASE_STRIP = NO;
				DEBUG_INFORMATION_FORMAT = dwarf;
				ENABLE_STRICT_OBJC_MSGSEND = YES;
				ENABLE_TESTABILITY = YES;
				GCC_C_LANGUAGE_STANDARD = gnu11;
				GCC_DYNAMIC_NO_PIC = NO;
				GCC_NO_COMMON_BLOCKS = YES;
				GCC_OPTIMIZATION_LEVEL = 0;
				GCC_PREPROCESSOR_DEFINITIONS = (
					"DEBUG=1",
					"$(inherited)",
				);
				GCC_WARN_64_TO_32_BIT_CONVERSION = YES;
				GCC_WARN_ABOUT_RETURN_TYPE = YES_ERROR;
				GCC_WARN_UNDECLARED_SELECTOR = YES;
				GCC_WARN_UNINITIALIZED_AUTOS = YES_AGGRESSIVE;
				GCC_WARN_UNUSED_FUNCTION = YES;
				GCC_WARN_UNUSED_VARIABLE = YES;
				IPHONEOS_DEPLOYMENT_TARGET = 13.0;
				MTL_ENABLE_DEBUG_INFO = INCLUDE_SOURCE;
				MTL_FAST_MATH = YES;
				ONLY_ACTIVE_ARCH = YES;
				SDKROOT = iphoneos;
				SWIFT_ACTIVE_COMPILATION_CONDITIONS = DEBUG;
				SWIFT_OPTIMIZATION_LEVEL = "-Onone";
			};
			name = Debug;
		};
		4C055952232F9CB9002964E6 /* Release */ = {
			isa = XCBuildConfiguration;
			buildSettings = {
				ALWAYS_SEARCH_USER_PATHS = NO;
				CLANG_ANALYZER_NONNULL = YES;
				CLANG_ANALYZER_NUMBER_OBJECT_CONVERSION = YES_AGGRESSIVE;
				CLANG_CXX_LANGUAGE_STANDARD = "gnu++14";
				CLANG_CXX_LIBRARY = "libc++";
				CLANG_ENABLE_MODULES = YES;
				CLANG_ENABLE_OBJC_ARC = YES;
				CLANG_ENABLE_OBJC_WEAK = YES;
				CLANG_WARN_BLOCK_CAPTURE_AUTORELEASING = YES;
				CLANG_WARN_BOOL_CONVERSION = YES;
				CLANG_WARN_COMMA = YES;
				CLANG_WARN_CONSTANT_CONVERSION = YES;
				CLANG_WARN_DEPRECATED_OBJC_IMPLEMENTATIONS = YES;
				CLANG_WARN_DIRECT_OBJC_ISA_USAGE = YES_ERROR;
				CLANG_WARN_DOCUMENTATION_COMMENTS = YES;
				CLANG_WARN_EMPTY_BODY = YES;
				CLANG_WARN_ENUM_CONVERSION = YES;
				CLANG_WARN_INFINITE_RECURSION = YES;
				CLANG_WARN_INT_CONVERSION = YES;
				CLANG_WARN_NON_LITERAL_NULL_CONVERSION = YES;
				CLANG_WARN_OBJC_IMPLICIT_RETAIN_SELF = YES;
				CLANG_WARN_OBJC_LITERAL_CONVERSION = YES;
				CLANG_WARN_OBJC_ROOT_CLASS = YES_ERROR;
				CLANG_WARN_RANGE_LOOP_ANALYSIS = YES;
				CLANG_WARN_STRICT_PROTOTYPES = YES;
				CLANG_WARN_SUSPICIOUS_MOVE = YES;
				CLANG_WARN_UNGUARDED_AVAILABILITY = YES_AGGRESSIVE;
				CLANG_WARN_UNREACHABLE_CODE = YES;
				CLANG_WARN__DUPLICATE_METHOD_MATCH = YES;
				COPY_PHASE_STRIP = NO;
				DEBUG_INFORMATION_FORMAT = "dwarf-with-dsym";
				ENABLE_NS_ASSERTIONS = NO;
				ENABLE_STRICT_OBJC_MSGSEND = YES;
				GCC_C_LANGUAGE_STANDARD = gnu11;
				GCC_NO_COMMON_BLOCKS = YES;
				GCC_WARN_64_TO_32_BIT_CONVERSION = YES;
				GCC_WARN_ABOUT_RETURN_TYPE = YES_ERROR;
				GCC_WARN_UNDECLARED_SELECTOR = YES;
				GCC_WARN_UNINITIALIZED_AUTOS = YES_AGGRESSIVE;
				GCC_WARN_UNUSED_FUNCTION = YES;
				GCC_WARN_UNUSED_VARIABLE = YES;
				IPHONEOS_DEPLOYMENT_TARGET = 13.0;
				MTL_ENABLE_DEBUG_INFO = NO;
				MTL_FAST_MATH = YES;
				SDKROOT = iphoneos;
				SWIFT_COMPILATION_MODE = wholemodule;
				SWIFT_OPTIMIZATION_LEVEL = "-O";
				VALIDATE_PRODUCT = YES;
			};
			name = Release;
		};
		4C055954232F9CB9002964E6 /* Debug */ = {
			isa = XCBuildConfiguration;
			buildSettings = {
				ASSETCATALOG_COMPILER_APPICON_NAME = AppIcon;
				CODE_SIGN_STYLE = Automatic;
				DEVELOPMENT_ASSET_PATHS = "\"refMe/Preview Content\"";
				DEVELOPMENT_TEAM = DVKPWWHTCM;
				ENABLE_PREVIEWS = YES;
				INFOPLIST_FILE = refMe/Info.plist;
				LD_RUNPATH_SEARCH_PATHS = (
					"$(inherited)",
					"@executable_path/Frameworks",
				);
				PRODUCT_BUNDLE_IDENTIFIER = life.coder.refMe;
				PRODUCT_NAME = "$(TARGET_NAME)";
				SWIFT_VERSION = 5.0;
				TARGETED_DEVICE_FAMILY = "1,2";
			};
			name = Debug;
		};
		4C055955232F9CB9002964E6 /* Release */ = {
			isa = XCBuildConfiguration;
			buildSettings = {
				ASSETCATALOG_COMPILER_APPICON_NAME = AppIcon;
				CODE_SIGN_STYLE = Automatic;
				DEVELOPMENT_ASSET_PATHS = "\"refMe/Preview Content\"";
				DEVELOPMENT_TEAM = DVKPWWHTCM;
				ENABLE_PREVIEWS = YES;
				INFOPLIST_FILE = refMe/Info.plist;
				LD_RUNPATH_SEARCH_PATHS = (
					"$(inherited)",
					"@executable_path/Frameworks",
				);
				PRODUCT_BUNDLE_IDENTIFIER = life.coder.refMe;
				PRODUCT_NAME = "$(TARGET_NAME)";
				SWIFT_VERSION = 5.0;
				TARGETED_DEVICE_FAMILY = "1,2";
			};
			name = Release;
		};
		4C055957232F9CB9002964E6 /* Debug */ = {
			isa = XCBuildConfiguration;
			buildSettings = {
				ALWAYS_EMBED_SWIFT_STANDARD_LIBRARIES = YES;
				BUNDLE_LOADER = "$(TEST_HOST)";
				CODE_SIGN_STYLE = Automatic;
				DEVELOPMENT_TEAM = DVKPWWHTCM;
				INFOPLIST_FILE = refMeTests/Info.plist;
				IPHONEOS_DEPLOYMENT_TARGET = 13.0;
				LD_RUNPATH_SEARCH_PATHS = (
					"$(inherited)",
					"@executable_path/Frameworks",
					"@loader_path/Frameworks",
				);
				PRODUCT_BUNDLE_IDENTIFIER = life.coder.refMeTests;
				PRODUCT_NAME = "$(TARGET_NAME)";
				SWIFT_VERSION = 5.0;
				TARGETED_DEVICE_FAMILY = "1,2";
				TEST_HOST = "$(BUILT_PRODUCTS_DIR)/refMe.app/refMe";
			};
			name = Debug;
		};
		4C055958232F9CB9002964E6 /* Release */ = {
			isa = XCBuildConfiguration;
			buildSettings = {
				ALWAYS_EMBED_SWIFT_STANDARD_LIBRARIES = YES;
				BUNDLE_LOADER = "$(TEST_HOST)";
				CODE_SIGN_STYLE = Automatic;
				DEVELOPMENT_TEAM = DVKPWWHTCM;
				INFOPLIST_FILE = refMeTests/Info.plist;
				IPHONEOS_DEPLOYMENT_TARGET = 13.0;
				LD_RUNPATH_SEARCH_PATHS = (
					"$(inherited)",
					"@executable_path/Frameworks",
					"@loader_path/Frameworks",
				);
				PRODUCT_BUNDLE_IDENTIFIER = life.coder.refMeTests;
				PRODUCT_NAME = "$(TARGET_NAME)";
				SWIFT_VERSION = 5.0;
				TARGETED_DEVICE_FAMILY = "1,2";
				TEST_HOST = "$(BUILT_PRODUCTS_DIR)/refMe.app/refMe";
			};
			name = Release;
		};
/* End XCBuildConfiguration section */

/* Begin XCConfigurationList section */
		4C05592F232F9CB7002964E6 /* Build configuration list for PBXProject "refMe" */ = {
			isa = XCConfigurationList;
			buildConfigurations = (
				4C055951232F9CB9002964E6 /* Debug */,
				4C055952232F9CB9002964E6 /* Release */,
			);
			defaultConfigurationIsVisible = 0;
			defaultConfigurationName = Release;
		};
		4C055953232F9CB9002964E6 /* Build configuration list for PBXNativeTarget "refMe" */ = {
			isa = XCConfigurationList;
			buildConfigurations = (
				4C055954232F9CB9002964E6 /* Debug */,
				4C055955232F9CB9002964E6 /* Release */,
			);
			defaultConfigurationIsVisible = 0;
			defaultConfigurationName = Release;
		};
		4C055956232F9CB9002964E6 /* Build configuration list for PBXNativeTarget "refMeTests" */ = {
			isa = XCConfigurationList;
			buildConfigurations = (
				4C055957232F9CB9002964E6 /* Debug */,
				4C055958232F9CB9002964E6 /* Release */,
			);
			defaultConfigurationIsVisible = 0;
			defaultConfigurationName = Release;
		};
/* End XCConfigurationList section */
	};
	rootObject = 4C05592C232F9CB7002964E6 /* Project object */;
}
